
Microsoft Visual Studio Solution File, Format Version 12.00
# Visual Studio Version 17
VisualStudioVersion = 17.4.33403.182
MinimumVisualStudioVersion = 10.0.40219.1
Project("{FAE04EC0-301F-11D3-BF4B-00C04F79EFBC}") = "DirectMessages", "DirectMessages\DirectMessages.csproj", "{90EE6780-0595-4D0F-A349-505D884538B7}"
EndProject
Project("{9A19103F-16F7-4668-BE54-9A1E7A4F7556}") = "GenericTools", "..\SignUpLogin\GenericTools\GenericTools.csproj", "{6A9942F0-8C0B-406E-8A39-19625F458961}"
EndProject
Global
	GlobalSection(SolutionConfigurationPlatforms) = preSolution
		Debug|Any CPU = Debug|Any CPU
		Release|Any CPU = Release|Any CPU
	EndGlobalSection
	GlobalSection(ProjectConfigurationPlatforms) = postSolution
		{90EE6780-0595-4D0F-A349-505D884538B7}.Debug|Any CPU.ActiveCfg = Debug|Any CPU
		{90EE6780-0595-4D0F-A349-505D884538B7}.Debug|Any CPU.Build.0 = Debug|Any CPU
		{90EE6780-0595-4D0F-A349-505D884538B7}.Release|Any CPU.ActiveCfg = Release|Any CPU
		{90EE6780-0595-4D0F-A349-505D884538B7}.Release|Any CPU.Build.0 = Release|Any CPU
		{6A9942F0-8C0B-406E-8A39-19625F458961}.Debug|Any CPU.ActiveCfg = Debug|Any CPU
		{6A9942F0-8C0B-406E-8A39-19625F458961}.Debug|Any CPU.Build.0 = Debug|Any CPU
		{6A9942F0-8C0B-406E-8A39-19625F458961}.Release|Any CPU.ActiveCfg = Release|Any CPU
		{6A9942F0-8C0B-406E-8A39-19625F458961}.Release|Any CPU.Build.0 = Release|Any CPU
	EndGlobalSection
	GlobalSection(SolutionProperties) = preSolution
		HideSolutionNode = FALSE
	EndGlobalSection
	GlobalSection(ExtensibilityGlobals) = postSolution
		SolutionGuid = {35683379-59CC-4CAF-9F5E-3BB15DB242AC}
	EndGlobalSection
EndGlobal
